
Microsoft Visual Studio Solution File, Format Version 12.00
# Visual Studio 15
VisualStudioVersion = 15.0.28307.1062
MinimumVisualStudioVersion = 10.0.40219.1
Project("{FAE04EC0-301F-11D3-BF4B-00C04F79EFBC}") = "NHTBrandShop", "NHTBrandShop\NHTBrandShop.csproj", "{919CCDD5-004C-4CDA-8BD9-0AE385B75D66}"
EndProject
Project("{FAE04EC0-301F-11D3-BF4B-00C04F79EFBC}") = "NHTBrandShop.Entities", "NHTBrandShop.Entities\NHTBrandShop.Entities.csproj", "{6B9B977B-0F44-42AA-A869-14DD2B9515B4}"
EndProject
Project("{FAE04EC0-301F-11D3-BF4B-00C04F79EFBC}") = "NHTBrandShop.DB", "NHTBrandShop.DB\NHTBrandShop.DB.csproj", "{85F1B779-57BD-40FB-AAE0-E22834BA8464}"
EndProject
Project("{FAE04EC0-301F-11D3-BF4B-00C04F79EFBC}") = "NHTBrandShop.Services", "NHTBrandShop.Services\NHTBrandShop.Services.csproj", "{5A60A458-9CBC-4214-9EFF-1D70F67CB6C4}"
EndProject
Global
	GlobalSection(SolutionConfigurationPlatforms) = preSolution
		Debug|Any CPU = Debug|Any CPU
		Release|Any CPU = Release|Any CPU
	EndGlobalSection
	GlobalSection(ProjectConfigurationPlatforms) = postSolution
		{919CCDD5-004C-4CDA-8BD9-0AE385B75D66}.Debug|Any CPU.ActiveCfg = Debug|Any CPU
		{919CCDD5-004C-4CDA-8BD9-0AE385B75D66}.Debug|Any CPU.Build.0 = Debug|Any CPU
		{919CCDD5-004C-4CDA-8BD9-0AE385B75D66}.Release|Any CPU.ActiveCfg = Release|Any CPU
		{919CCDD5-004C-4CDA-8BD9-0AE385B75D66}.Release|Any CPU.Build.0 = Release|Any CPU
		{6B9B977B-0F44-42AA-A869-14DD2B9515B4}.Debug|Any CPU.ActiveCfg = Debug|Any CPU
		{6B9B977B-0F44-42AA-A869-14DD2B9515B4}.Debug|Any CPU.Build.0 = Debug|Any CPU
		{6B9B977B-0F44-42AA-A869-14DD2B9515B4}.Release|Any CPU.ActiveCfg = Release|Any CPU
		{6B9B977B-0F44-42AA-A869-14DD2B9515B4}.Release|Any CPU.Build.0 = Release|Any CPU
		{85F1B779-57BD-40FB-AAE0-E22834BA8464}.Debug|Any CPU.ActiveCfg = Debug|Any CPU
		{85F1B779-57BD-40FB-AAE0-E22834BA8464}.Debug|Any CPU.Build.0 = Debug|Any CPU
		{85F1B779-57BD-40FB-AAE0-E22834BA8464}.Release|Any CPU.ActiveCfg = Release|Any CPU
		{85F1B779-57BD-40FB-AAE0-E22834BA8464}.Release|Any CPU.Build.0 = Release|Any CPU
		{5A60A458-9CBC-4214-9EFF-1D70F67CB6C4}.Debug|Any CPU.ActiveCfg = Debug|Any CPU
		{5A60A458-9CBC-4214-9EFF-1D70F67CB6C4}.Debug|Any CPU.Build.0 = Debug|Any CPU
		{5A60A458-9CBC-4214-9EFF-1D70F67CB6C4}.Release|Any CPU.ActiveCfg = Release|Any CPU
		{5A60A458-9CBC-4214-9EFF-1D70F67CB6C4}.Release|Any CPU.Build.0 = Release|Any CPU
	EndGlobalSection
	GlobalSection(SolutionProperties) = preSolution
		HideSolutionNode = FALSE
	EndGlobalSection
	GlobalSection(ExtensibilityGlobals) = postSolution
		SolutionGuid = {EA1C3857-1A2E-4230-83B2-715D0560CF73}
	EndGlobalSection
EndGlobal
